// !$*UTF8*$!
{
	archiveVersion = 1;
	classes = {
	};
	objectVersion = 46;
	objects = {

/* Begin PBXBuildFile section */
		C66C09141D49175B0071A003 /* AppDelegate.swift in Sources */ = {isa = PBXBuildFile; fileRef = C66C09131D49175B0071A003 /* AppDelegate.swift */; };
		C66C09161D49175B0071A003 /* ViewController.swift in Sources */ = {isa = PBXBuildFile; fileRef = C66C09151D49175B0071A003 /* ViewController.swift */; };
		C66C09191D49175B0071A003 /* Main.storyboard in Resources */ = {isa = PBXBuildFile; fileRef = C66C09171D49175B0071A003 /* Main.storyboard */; };
		C66C091B1D49175B0071A003 /* Assets.xcassets in Resources */ = {isa = PBXBuildFile; fileRef = C66C091A1D49175B0071A003 /* Assets.xcassets */; };
		C66C091E1D49175B0071A003 /* LaunchScreen.storyboard in Resources */ = {isa = PBXBuildFile; fileRef = C66C091C1D49175B0071A003 /* LaunchScreen.storyboard */; };
		C66C09261D4933040071A003 /* Box.swift in Sources */ = {isa = PBXBuildFile; fileRef = C66C09251D4933040071A003 /* Box.swift */; };
/* End PBXBuildFile section */

/* Begin PBXFileReference section */
		C66C09101D49175B0071A003 /* MapTestCF.app */ = {isa = PBXFileReference; explicitFileType = wrapper.application; includeInIndex = 0; path = MapTestCF.app; sourceTree = BUILT_PRODUCTS_DIR; };
		C66C09131D49175B0071A003 /* AppDelegate.swift */ = {isa = PBXFileReference; lastKnownFileType = sourcecode.swift; path = AppDelegate.swift; sourceTree = "<group>"; };
		C66C09151D49175B0071A003 /* ViewController.swift */ = {isa = PBXFileReference; lastKnownFileType = sourcecode.swift; path = ViewController.swift; sourceTree = "<group>"; };
		C66C09181D49175B0071A003 /* Base */ = {isa = PBXFileReference; lastKnownFileType = file.storyboard; name = Base; path = Base.lproj/Main.storyboard; sourceTree = "<group>"; };
		C66C091A1D49175B0071A003 /* Assets.xcassets */ = {isa = PBXFileReference; lastKnownFileType = folder.assetcatalog; path = Assets.xcassets; sourceTree = "<group>"; };
		C66C091D1D49175B0071A003 /* Base */ = {isa = PBXFileReference; lastKnownFileType = file.storyboard; name = Base; path = Base.lproj/LaunchScreen.storyboard; sourceTree = "<group>"; };
		C66C091F1D49175B0071A003 /* Info.plist */ = {isa = PBXFileReference; lastKnownFileType = text.plist.xml; path = Info.plist; sourceTree = "<group>"; };
		C66C09251D4933040071A003 /* Box.swift */ = {isa = PBXFileReference; fileEncoding = 4; lastKnownFileType = sourcecode.swift; path = Box.swift; sourceTree = "<group>"; };
/* End PBXFileReference section */

/* Begin PBXFrameworksBuildPhase section */
		C66C090D1D49175A0071A003 /* Frameworks */ = {
			isa = PBXFrameworksBuildPhase;
			buildActionMask = 2147483647;
			files = (
			);
			runOnlyForDeploymentPostprocessing = 0;
		};
/* End PBXFrameworksBuildPhase section */

/* Begin PBXGroup section */
		C66C09071D49175A0071A003 = {
			isa = PBXGroup;
			children = (
				C66C09121D49175B0071A003 /* MapTestCF */,
				C66C09111D49175B0071A003 /* Products */,
			);
			sourceTree = "<group>";
		};
		C66C09111D49175B0071A003 /* Products */ = {
			isa = PBXGroup;
			children = (
				C66C09101D49175B0071A003 /* MapTestCF.app */,
			);
			name = Products;
			sourceTree = "<group>";
		};
		C66C09121D49175B0071A003 /* MapTestCF */ = {
			isa = PBXGroup;
			children = (
				C66C09131D49175B0071A003 /* AppDelegate.swift */,
				C66C09151D49175B0071A003 /* ViewController.swift */,
				C66C09251D4933040071A003 /* Box.swift */,
				C66C09171D49175B0071A003 /* Main.storyboard */,
				C66C091A1D49175B0071A003 /* Assets.xcassets */,
				C66C091C1D49175B0071A003 /* LaunchScreen.storyboard */,
				C66C091F1D49175B0071A003 /* Info.plist */,
			);
			path = MapTestCF;
			sourceTree = "<group>";
		};
/* End PBXGroup section */

/* Begin PBXNativeTarget section */
		C66C090F1D49175A0071A003 /* MapTestCF */ = {
			isa = PBXNativeTarget;
			buildConfigurationList = C66C09221D49175B0071A003 /* Build configuration list for PBXNativeTarget "MapTestCF" */;
			buildPhases = (
				C66C090C1D49175A0071A003 /* Sources */,
				C66C090D1D49175A0071A003 /* Frameworks */,
				C66C090E1D49175A0071A003 /* Resources */,
			);
			buildRules = (
			);
			dependencies = (
			);
			name = MapTestCF;
			productName = MapTestCF;
			productReference = C66C09101D49175B0071A003 /* MapTestCF.app */;
			productType = "com.apple.product-type.application";
		};
/* End PBXNativeTarget section */

/* Begin PBXProject section */
		C66C09081D49175A0071A003 /* Project object */ = {
			isa = PBXProject;
			attributes = {
				LastSwiftUpdateCheck = 0730;
				LastUpgradeCheck = 0730;
				ORGANIZATIONNAME = "Dragoman Developers, LLC";
				TargetAttributes = {
					C66C090F1D49175A0071A003 = {
						CreatedOnToolsVersion = 7.3.1;
					};
				};
			};
			buildConfigurationList = C66C090B1D49175A0071A003 /* Build configuration list for PBXProject "MapTestCF" */;
			compatibilityVersion = "Xcode 3.2";
			developmentRegion = English;
			hasScannedForEncodings = 0;
			knownRegions = (
				en,
				Base,
			);
			mainGroup = C66C09071D49175A0071A003;
			productRefGroup = C66C09111D49175B0071A003 /* Products */;
			projectDirPath = "";
			projectRoot = "";
			targets = (
				C66C090F1D49175A0071A003 /* MapTestCF */,
			);
		};
/* End PBXProject section */

/* Begin PBXResourcesBuildPhase section */
		C66C090E1D49175A0071A003 /* Resources */ = {
			isa = PBXResourcesBuildPhase;
			buildActionMask = 2147483647;
			files = (
				C66C091E1D49175B0071A003 /* LaunchScreen.storyboard in Resources */,
				C66C091B1D49175B0071A003 /* Assets.xcassets in Resources */,
				C66C09191D49175B0071A003 /* Main.storyboard in Resources */,
			);
			runOnlyForDeploymentPostprocessing = 0;
		};
/* End PBXResourcesBuildPhase section */

/* Begin PBXSourcesBuildPhase section */
		C66C090C1D49175A0071A003 /* Sources */ = {
			isa = PBXSourcesBuildPhase;
			buildActionMask = 2147483647;
			files = (
				C66C09261D4933040071A003 /* Box.swift in Sources */,
				C66C09161D49175B0071A003 /* ViewController.swift in Sources */,
				C66C09141D49175B0071A003 /* AppDelegate.swift in Sources */,
			);
			runOnlyForDeploymentPostprocessing = 0;
		};
/* End PBXSourcesBuildPhase section */

/* Begin PBXVariantGroup section */
		C66C09171D49175B0071A003 /* Main.storyboard */ = {
			isa = PBXVariantGroup;
			children = (
				C66C09181D49175B0071A003 /* Base */,
			);
			name = Main.storyboard;
			sourceTree = "<group>";
		};
		C66C091C1D49175B0071A003 /* LaunchScreen.storyboard */ = {
			isa = PBXVariantGroup;
			children = (
				C66C091D1D49175B0071A003 /* Base */,
			);
			name = LaunchScreen.storyboard;
			sourceTree = "<group>";
		};
/* End PBXVariantGroup section */

/* Begin XCBuildConfiguration section */
		C66C09201D49175B0071A003 /* Debug */ = {
			isa = XCBuildConfiguration;
			buildSettings = {
				ALWAYS_SEARCH_USER_PATHS = NO;
				CLANG_ANALYZER_NONNULL = YES;
				CLANG_CXX_LANGUAGE_STANDARD = "gnu++0x";
				CLANG_CXX_LIBRARY = "libc++";
				CLANG_ENABLE_MODULES = YES;
				CLANG_ENABLE_OBJC_ARC = YES;
				CLANG_WARN_BOOL_CONVERSION = YES;
				CLANG_WARN_CONSTANT_CONVERSION = YES;
				CLANG_WARN_DIRECT_OBJC_ISA_USAGE = YES_ERROR;
				CLANG_WARN_EMPTY_BODY = YES;
				CLANG_WARN_ENUM_CONVERSION = YES;
				CLANG_WARN_INT_CONVERSION = YES;
				CLANG_WARN_OBJC_ROOT_CLASS = YES_ERROR;
				CLANG_WARN_UNREACHABLE_CODE = YES;
				CLANG_WARN__DUPLICATE_METHOD_MATCH = YES;
				"CODE_SIGN_IDENTITY[sdk=iphoneos*]" = "iPhone Developer";
				COPY_PHASE_STRIP = NO;
				DEBUG_INFORMATION_FORMAT = dwarf;
				ENABLE_STRICT_OBJC_MSGSEND = YES;
				ENABLE_TESTABILITY = YES;
				GCC_C_LANGUAGE_STANDARD = gnu99;
				GCC_DYNAMIC_NO_PIC = NO;
				GCC_NO_COMMON_BLOCKS = YES;
				GCC_OPTIMIZATION_LEVEL = 0;
				GCC_PREPROCESSOR_DEFINITIONS = (
					"DEBUG=1",
					"$(inherited)",
				);
				GCC_WARN_64_TO_32_BIT_CONVERSION = YES;
				GCC_WARN_ABOUT_RETURN_TYPE = YES_ERROR;
				GCC_WARN_UNDECLARED_SELECTOR = YES;
				GCC_WARN_UNINITIALIZED_AUTOS = YES_AGGRESSIVE;
				GCC_WARN_UNUSED_FUNCTION = YES;
				GCC_WARN_UNUSED_VARIABLE = YES;
				IPHONEOS_DEPLOYMENT_TARGET = 9.3;
				MTL_ENABLE_DEBUG_INFO = YES;
				ONLY_ACTIVE_ARCH = YES;
				SDKROOT = iphoneos;
				SWIFT_OPTIMIZATION_LEVEL = "-Onone";
			};
			name = Debug;
		};
		C66C09211D49175B0071A003 /* Release */ = {
			isa = XCBuildConfiguration;
			buildSettings = {
				ALWAYS_SEARCH_USER_PATHS = NO;
				CLANG_ANALYZER_NONNULL = YES;
				CLANG_CXX_LANGUAGE_STANDARD = "gnu++0x";
				CLANG_CXX_LIBRARY = "libc++";
				CLANG_ENABLE_MODULES = YES;
				CLANG_ENABLE_OBJC_ARC = YES;
				CLANG_WARN_BOOL_CONVERSION = YES;
				CLANG_WARN_CONSTANT_CONVERSION = YES;
				CLANG_WARN_DIRECT_OBJC_ISA_USAGE = YES_ERROR;
				CLANG_WARN_EMPTY_BODY = YES;
				CLANG_WARN_ENUM_CONVERSION = YES;
				CLANG_WARN_INT_CONVERSION = YES;
				CLANG_WARN_OBJC_ROOT_CLASS = YES_ERROR;
				CLANG_WARN_UNREACHABLE_CODE = YES;
				CLANG_WARN__DUPLICATE_METHOD_MATCH = YES;
				"CODE_SIGN_IDENTITY[sdk=iphoneos*]" = "iPhone Developer";
				COPY_PHASE_STRIP = NO;
				DEBUG_INFORMATION_FORMAT = "dwarf-with-dsym";
				ENABLE_NS_ASSERTIONS = NO;
				ENABLE_STRICT_OBJC_MSGSEND = YES;
				GCC_C_LANGUAGE_STANDARD = gnu99;
				GCC_NO_COMMON_BLOCKS = YES;
				GCC_WARN_64_TO_32_BIT_CONVERSION = YES;
				GCC_WARN_ABOUT_RETURN_TYPE = YES_ERROR;
				GCC_WARN_UNDECLARED_SELECTOR = YES;
				GCC_WARN_UNINITIALIZED_AUTOS = YES_AGGRESSIVE;
				GCC_WARN_UNUSED_FUNCTION = YES;
				GCC_WARN_UNUSED_VARIABLE = YES;
				IPHONEOS_DEPLOYMENT_TARGET = 9.3;
				MTL_ENABLE_DEBUG_INFO = NO;
				SDKROOT = iphoneos;
				VALIDATE_PRODUCT = YES;
			};
			name = Release;
		};
		C66C09231D49175B0071A003 /* Debug */ = {
			isa = XCBuildConfiguration;
			buildSettings = {
				ASSETCATALOG_COMPILER_APPICON_NAME = AppIcon;
				INFOPLIST_FILE = MapTestCF/Info.plist;
				LD_RUNPATH_SEARCH_PATHS = "$(inherited) @executable_path/Frameworks";
				PRODUCT_BUNDLE_IDENTIFIER = com.dragomandevelopers.MapTestCF;
				PRODUCT_NAME = "$(TARGET_NAME)";
			};
			name = Debug;
		};
		C66C09241D49175B0071A003 /* Release */ = {
			isa = XCBuildConfiguration;
			buildSettings = {
				ASSETCATALOG_COMPILER_APPICON_NAME = AppIcon;
				INFOPLIST_FILE = MapTestCF/Info.plist;
				LD_RUNPATH_SEARCH_PATHS = "$(inherited) @executable_path/Frameworks";
				PRODUCT_BUNDLE_IDENTIFIER = com.dragomandevelopers.MapTestCF;
				PRODUCT_NAME = "$(TARGET_NAME)";
			};
			name = Release;
		};
/* End XCBuildConfiguration section */

/* Begin XCConfigurationList section */
		C66C090B1D49175A0071A003 /* Build configuration list for PBXProject "MapTestCF" */ = {
			isa = XCConfigurationList;
			buildConfigurations = (
				C66C09201D49175B0071A003 /* Debug */,
				C66C09211D49175B0071A003 /* Release */,
			);
			defaultConfigurationIsVisible = 0;
			defaultConfigurationName = Release;
		};
		C66C09221D49175B0071A003 /* Build configuration list for PBXNativeTarget "MapTestCF" */ = {
			isa = XCConfigurationList;
			buildConfigurations = (
				C66C09231D49175B0071A003 /* Debug */,
				C66C09241D49175B0071A003 /* Release */,
			);
			defaultConfigurationIsVisible = 0;
		};
/* End XCConfigurationList section */
	};
	rootObject = C66C09081D49175A0071A003 /* Project object */;
}
